
Microsoft Visual Studio Solution File, Format Version 12.00
# Visual Studio Version 16
VisualStudioVersion = 16.6.30114.105
MinimumVisualStudioVersion = 10.0.40219.1
Project("{FAE04EC0-301F-11D3-BF4B-00C04F79EFBC}") = "DeathStarSupply", "DeathStarSupply\DeathStarSupply.csproj", "{4918263C-C5BE-48A5-A02D-ADD9F62916D3}"
EndProject
Project("{FAE04EC0-301F-11D3-BF4B-00C04F79EFBC}") = "DeathStarClientConsole", "DeathStarClientConsole\DeathStarClientConsole.csproj", "{44E3DCAA-DC7E-4AC9-8C12-8ADC28832B65}"
	ProjectSection(ProjectDependencies) = postProject
		{4918263C-C5BE-48A5-A02D-ADD9F62916D3} = {4918263C-C5BE-48A5-A02D-ADD9F62916D3}
	EndProjectSection
EndProject
Global
	GlobalSection(SolutionConfigurationPlatforms) = preSolution
		Debug|Any CPU = Debug|Any CPU
		Debug|x64 = Debug|x64
		Debug|x86 = Debug|x86
		Release|Any CPU = Release|Any CPU
		Release|x64 = Release|x64
		Release|x86 = Release|x86
	EndGlobalSection
	GlobalSection(ProjectConfigurationPlatforms) = postSolution
		{4918263C-C5BE-48A5-A02D-ADD9F62916D3}.Debug|Any CPU.ActiveCfg = Debug|Any CPU
		{4918263C-C5BE-48A5-A02D-ADD9F62916D3}.Debug|Any CPU.Build.0 = Debug|Any CPU
		{4918263C-C5BE-48A5-A02D-ADD9F62916D3}.Debug|x64.ActiveCfg = Debug|Any CPU
		{4918263C-C5BE-48A5-A02D-ADD9F62916D3}.Debug|x64.Build.0 = Debug|Any CPU
		{4918263C-C5BE-48A5-A02D-ADD9F62916D3}.Debug|x86.ActiveCfg = Debug|Any CPU
		{4918263C-C5BE-48A5-A02D-ADD9F62916D3}.Debug|x86.Build.0 = Debug|Any CPU
		{4918263C-C5BE-48A5-A02D-ADD9F62916D3}.Release|Any CPU.ActiveCfg = Release|Any CPU
		{4918263C-C5BE-48A5-A02D-ADD9F62916D3}.Release|Any CPU.Build.0 = Release|Any CPU
		{4918263C-C5BE-48A5-A02D-ADD9F62916D3}.Release|x64.ActiveCfg = Release|Any CPU
		{4918263C-C5BE-48A5-A02D-ADD9F62916D3}.Release|x64.Build.0 = Release|Any CPU
		{4918263C-C5BE-48A5-A02D-ADD9F62916D3}.Release|x86.ActiveCfg = Release|Any CPU
		{4918263C-C5BE-48A5-A02D-ADD9F62916D3}.Release|x86.Build.0 = Release|Any CPU
		{44E3DCAA-DC7E-4AC9-8C12-8ADC28832B65}.Debug|Any CPU.ActiveCfg = Debug|Any CPU
		{44E3DCAA-DC7E-4AC9-8C12-8ADC28832B65}.Debug|Any CPU.Build.0 = Debug|Any CPU
		{44E3DCAA-DC7E-4AC9-8C12-8ADC28832B65}.Debug|x64.ActiveCfg = Debug|Any CPU
		{44E3DCAA-DC7E-4AC9-8C12-8ADC28832B65}.Debug|x64.Build.0 = Debug|Any CPU
		{44E3DCAA-DC7E-4AC9-8C12-8ADC28832B65}.Debug|x86.ActiveCfg = Debug|Any CPU
		{44E3DCAA-DC7E-4AC9-8C12-8ADC28832B65}.Debug|x86.Build.0 = Debug|Any CPU
		{44E3DCAA-DC7E-4AC9-8C12-8ADC28832B65}.Release|Any CPU.ActiveCfg = Release|Any CPU
		{44E3DCAA-DC7E-4AC9-8C12-8ADC28832B65}.Release|Any CPU.Build.0 = Release|Any CPU
		{44E3DCAA-DC7E-4AC9-8C12-8ADC28832B65}.Release|x64.ActiveCfg = Release|Any CPU
		{44E3DCAA-DC7E-4AC9-8C12-8ADC28832B65}.Release|x64.Build.0 = Release|Any CPU
		{44E3DCAA-DC7E-4AC9-8C12-8ADC28832B65}.Release|x86.ActiveCfg = Release|Any CPU
		{44E3DCAA-DC7E-4AC9-8C12-8ADC28832B65}.Release|x86.Build.0 = Release|Any CPU
	EndGlobalSection
	GlobalSection(SolutionProperties) = preSolution
		HideSolutionNode = FALSE
	EndGlobalSection
	GlobalSection(ExtensibilityGlobals) = postSolution
		SolutionGuid = {604DFCE9-08C4-4C91-8BDE-4053C7104706}
	EndGlobalSection
EndGlobal
